
Microsoft Visual Studio Solution File, Format Version 12.00
# Visual Studio Version 17
VisualStudioVersion = 17.6.33723.286
MinimumVisualStudioVersion = 10.0.40219.1
Project("{FAE04EC0-301F-11D3-BF4B-00C04F79EFBC}") = "Love_1", "Love_1.csproj", "{FAAB8894-7462-4F8A-A9D4-026ED33C9062}"
EndProject
Global
	GlobalSection(SolutionConfigurationPlatforms) = preSolution
		Debug|Any CPU = Debug|Any CPU
		Release|Any CPU = Release|Any CPU
	EndGlobalSection
	GlobalSection(ProjectConfigurationPlatforms) = postSolution
		{FAAB8894-7462-4F8A-A9D4-026ED33C9062}.Debug|Any CPU.ActiveCfg = Debug|Any CPU
		{FAAB8894-7462-4F8A-A9D4-026ED33C9062}.Debug|Any CPU.Build.0 = Debug|Any CPU
		{FAAB8894-7462-4F8A-A9D4-026ED33C9062}.Release|Any CPU.ActiveCfg = Release|Any CPU
		{FAAB8894-7462-4F8A-A9D4-026ED33C9062}.Release|Any CPU.Build.0 = Release|Any CPU
	EndGlobalSection
	GlobalSection(SolutionProperties) = preSolution
		HideSolutionNode = FALSE
	EndGlobalSection
	GlobalSection(ExtensibilityGlobals) = postSolution
		SolutionGuid = {B0E3A8DA-C04C-4BE5-9EA0-45315A20EA21}
	EndGlobalSection
EndGlobal
